
Microsoft Visual Studio Solution File, Format Version 12.00
# Visual Studio Version 17
VisualStudioVersion = 17.8.34309.116
MinimumVisualStudioVersion = 10.0.40219.1
Project("{9A19103F-16F7-4668-BE54-9A1E7A4F7556}") = "SistemaSublimas", "SistemaSublimas\SistemaSublimas.csproj", "{0BCF46DF-9075-4C45-A657-95E4604FE986}"
EndProject
Project("{FAE04EC0-301F-11D3-BF4B-00C04F79EFBC}") = "SistemaSublimas.AccesoDatos", "SistemaSublimas.AccesoDatos\SistemaSublimas.AccesoDatos.csproj", "{2534918E-E13B-4C39-8DB9-5F65F75DB58A}"
EndProject
Project("{FAE04EC0-301F-11D3-BF4B-00C04F79EFBC}") = "SistemaSublimas.Modelos", "SistemaSublimas.Modelos\SistemaSublimas.Modelos.csproj", "{1F2E851B-BF07-4874-8C73-26717BF06DF5}"
EndProject
Project("{FAE04EC0-301F-11D3-BF4B-00C04F79EFBC}") = "SistemaSublimas.Utilidades", "SistemaSublimas.Utilidades\SistemaSublimas.Utilidades.csproj", "{73A9108F-C4C8-4589-9A0C-77B03EBD4C17}"
EndProject
Global
	GlobalSection(SolutionConfigurationPlatforms) = preSolution
		Debug|Any CPU = Debug|Any CPU
		Release|Any CPU = Release|Any CPU
	EndGlobalSection
	GlobalSection(ProjectConfigurationPlatforms) = postSolution
		{0BCF46DF-9075-4C45-A657-95E4604FE986}.Debug|Any CPU.ActiveCfg = Debug|Any CPU
		{0BCF46DF-9075-4C45-A657-95E4604FE986}.Debug|Any CPU.Build.0 = Debug|Any CPU
		{0BCF46DF-9075-4C45-A657-95E4604FE986}.Release|Any CPU.ActiveCfg = Release|Any CPU
		{0BCF46DF-9075-4C45-A657-95E4604FE986}.Release|Any CPU.Build.0 = Release|Any CPU
		{2534918E-E13B-4C39-8DB9-5F65F75DB58A}.Debug|Any CPU.ActiveCfg = Debug|Any CPU
		{2534918E-E13B-4C39-8DB9-5F65F75DB58A}.Debug|Any CPU.Build.0 = Debug|Any CPU
		{2534918E-E13B-4C39-8DB9-5F65F75DB58A}.Release|Any CPU.ActiveCfg = Release|Any CPU
		{2534918E-E13B-4C39-8DB9-5F65F75DB58A}.Release|Any CPU.Build.0 = Release|Any CPU
		{1F2E851B-BF07-4874-8C73-26717BF06DF5}.Debug|Any CPU.ActiveCfg = Debug|Any CPU
		{1F2E851B-BF07-4874-8C73-26717BF06DF5}.Debug|Any CPU.Build.0 = Debug|Any CPU
		{1F2E851B-BF07-4874-8C73-26717BF06DF5}.Release|Any CPU.ActiveCfg = Release|Any CPU
		{1F2E851B-BF07-4874-8C73-26717BF06DF5}.Release|Any CPU.Build.0 = Release|Any CPU
		{73A9108F-C4C8-4589-9A0C-77B03EBD4C17}.Debug|Any CPU.ActiveCfg = Debug|Any CPU
		{73A9108F-C4C8-4589-9A0C-77B03EBD4C17}.Debug|Any CPU.Build.0 = Debug|Any CPU
		{73A9108F-C4C8-4589-9A0C-77B03EBD4C17}.Release|Any CPU.ActiveCfg = Release|Any CPU
		{73A9108F-C4C8-4589-9A0C-77B03EBD4C17}.Release|Any CPU.Build.0 = Release|Any CPU
	EndGlobalSection
	GlobalSection(SolutionProperties) = preSolution
		HideSolutionNode = FALSE
	EndGlobalSection
	GlobalSection(ExtensibilityGlobals) = postSolution
		SolutionGuid = {B912E281-7A9A-47A9-9678-174C88435C69}
	EndGlobalSection
EndGlobal
